
Microsoft Visual Studio Solution File, Format Version 12.00
# Visual Studio Version 16
VisualStudioVersion = 16.0.31321.278
MinimumVisualStudioVersion = 10.0.40219.1
Project("{FAE04EC0-301F-11D3-BF4B-00C04F79EFBC}") = "vcDWMFix", "vcDWMFix.csproj", "{BED59887-E1B0-4C6C-8AD5-C7E54064879E}"
EndProject
Global
	GlobalSection(SolutionConfigurationPlatforms) = preSolution
		Debug|Any CPU = Debug|Any CPU
		Release|Any CPU = Release|Any CPU
	EndGlobalSection
	GlobalSection(ProjectConfigurationPlatforms) = postSolution
		{BED59887-E1B0-4C6C-8AD5-C7E54064879E}.Debug|Any CPU.ActiveCfg = Debug|Any CPU
		{BED59887-E1B0-4C6C-8AD5-C7E54064879E}.Debug|Any CPU.Build.0 = Debug|Any CPU
		{BED59887-E1B0-4C6C-8AD5-C7E54064879E}.Release|Any CPU.ActiveCfg = Release|Any CPU
		{BED59887-E1B0-4C6C-8AD5-C7E54064879E}.Release|Any CPU.Build.0 = Release|Any CPU
	EndGlobalSection
	GlobalSection(SolutionProperties) = preSolution
		HideSolutionNode = FALSE
	EndGlobalSection
	GlobalSection(ExtensibilityGlobals) = postSolution
		SolutionGuid = {8A2B2679-A4CC-4026-AD8C-10D3F3D05679}
	EndGlobalSection
EndGlobal
